
Microsoft Visual Studio Solution File, Format Version 12.00
# Visual Studio Version 16
VisualStudioVersion = 25.0.1703.0
MinimumVisualStudioVersion = 10.0.40219.1
Project("{FAE04EC0-301F-11D3-BF4B-00C04F79EFBC}") = "PayCoreFinalProject", "PayCoreFinalProject\PayCoreFinalProject.csproj", "{7E6AC681-F225-4985-A464-70502F4518EC}"
EndProject
Project("{FAE04EC0-301F-11D3-BF4B-00C04F79EFBC}") = "PayCoreFinalProject.Base", "PayCoreFinalProject.Base\PayCoreFinalProject.Base.csproj", "{8B24F226-CA48-4596-B8F7-869700D0A106}"
EndProject
Project("{FAE04EC0-301F-11D3-BF4B-00C04F79EFBC}") = "PayCoreFinalProject.Data", "PayCoreFinalProject.Data\PayCoreFinalProject.Data.csproj", "{53BA1165-7B4A-4969-A703-27257AA2AA1D}"
EndProject
Project("{FAE04EC0-301F-11D3-BF4B-00C04F79EFBC}") = "PayCoreFinalProject.Dto", "PayCoreFinalProject.Dto\PayCoreFinalProject.Dto.csproj", "{A1DB20EB-7A00-4275-8F72-03EDA1C76062}"
EndProject
Project("{FAE04EC0-301F-11D3-BF4B-00C04F79EFBC}") = "PayCoreFinalProject.Service", "PayCoreFinalProject.Service\PayCoreFinalProject.Service.csproj", "{347A4B03-5890-4079-94F2-826C92342679}"
EndProject
Global
	GlobalSection(SolutionConfigurationPlatforms) = preSolution
		Debug|Any CPU = Debug|Any CPU
		Release|Any CPU = Release|Any CPU
	EndGlobalSection
	GlobalSection(ProjectConfigurationPlatforms) = postSolution
		{7E6AC681-F225-4985-A464-70502F4518EC}.Debug|Any CPU.ActiveCfg = Debug|Any CPU
		{7E6AC681-F225-4985-A464-70502F4518EC}.Debug|Any CPU.Build.0 = Debug|Any CPU
		{7E6AC681-F225-4985-A464-70502F4518EC}.Release|Any CPU.ActiveCfg = Release|Any CPU
		{7E6AC681-F225-4985-A464-70502F4518EC}.Release|Any CPU.Build.0 = Release|Any CPU
		{8B24F226-CA48-4596-B8F7-869700D0A106}.Debug|Any CPU.ActiveCfg = Debug|Any CPU
		{8B24F226-CA48-4596-B8F7-869700D0A106}.Debug|Any CPU.Build.0 = Debug|Any CPU
		{8B24F226-CA48-4596-B8F7-869700D0A106}.Release|Any CPU.ActiveCfg = Release|Any CPU
		{8B24F226-CA48-4596-B8F7-869700D0A106}.Release|Any CPU.Build.0 = Release|Any CPU
		{53BA1165-7B4A-4969-A703-27257AA2AA1D}.Debug|Any CPU.ActiveCfg = Debug|Any CPU
		{53BA1165-7B4A-4969-A703-27257AA2AA1D}.Debug|Any CPU.Build.0 = Debug|Any CPU
		{53BA1165-7B4A-4969-A703-27257AA2AA1D}.Release|Any CPU.ActiveCfg = Release|Any CPU
		{53BA1165-7B4A-4969-A703-27257AA2AA1D}.Release|Any CPU.Build.0 = Release|Any CPU
		{A1DB20EB-7A00-4275-8F72-03EDA1C76062}.Debug|Any CPU.ActiveCfg = Debug|Any CPU
		{A1DB20EB-7A00-4275-8F72-03EDA1C76062}.Debug|Any CPU.Build.0 = Debug|Any CPU
		{A1DB20EB-7A00-4275-8F72-03EDA1C76062}.Release|Any CPU.ActiveCfg = Release|Any CPU
		{A1DB20EB-7A00-4275-8F72-03EDA1C76062}.Release|Any CPU.Build.0 = Release|Any CPU
		{347A4B03-5890-4079-94F2-826C92342679}.Debug|Any CPU.ActiveCfg = Debug|Any CPU
		{347A4B03-5890-4079-94F2-826C92342679}.Debug|Any CPU.Build.0 = Debug|Any CPU
		{347A4B03-5890-4079-94F2-826C92342679}.Release|Any CPU.ActiveCfg = Release|Any CPU
		{347A4B03-5890-4079-94F2-826C92342679}.Release|Any CPU.Build.0 = Release|Any CPU
	EndGlobalSection
	GlobalSection(SolutionProperties) = preSolution
		HideSolutionNode = FALSE
	EndGlobalSection
	GlobalSection(ExtensibilityGlobals) = postSolution
		SolutionGuid = {371D524E-0531-4EF1-A305-21B993F90638}
	EndGlobalSection
EndGlobal
